
Microsoft Visual Studio Solution File, Format Version 12.00
# Visual Studio Version 16
VisualStudioVersion = 16.0.29519.87
MinimumVisualStudioVersion = 10.0.40219.1
Project("{8BC9CEB8-8B4A-11D0-8D11-00A0C91BC942}") = "ex2v2.0", "ex2v2.0.vcxproj", "{76C310FD-3B6B-4FDC-BC27-0E5F089E46BC}"
EndProject
Global
	GlobalSection(SolutionConfigurationPlatforms) = preSolution
		Debug|x64 = Debug|x64
		Release|x64 = Release|x64
	EndGlobalSection
	GlobalSection(ProjectConfigurationPlatforms) = postSolution
		{76C310FD-3B6B-4FDC-BC27-0E5F089E46BC}.Debug|x64.ActiveCfg = Debug|x64
		{76C310FD-3B6B-4FDC-BC27-0E5F089E46BC}.Debug|x64.Build.0 = Debug|x64
		{76C310FD-3B6B-4FDC-BC27-0E5F089E46BC}.Release|x64.ActiveCfg = Release|x64
		{76C310FD-3B6B-4FDC-BC27-0E5F089E46BC}.Release|x64.Build.0 = Release|x64
	EndGlobalSection
	GlobalSection(SolutionProperties) = preSolution
		HideSolutionNode = FALSE
	EndGlobalSection
	GlobalSection(ExtensibilityGlobals) = postSolution
		SolutionGuid = {918FD354-1001-4808-A5EF-212D1C46C062}
	EndGlobalSection
EndGlobal
